
Microsoft Visual Studio Solution File, Format Version 12.00
Project("{FAE04EC0-301F-11D3-BF4B-00C04F79EFBC}") = "Aidan.SerialRPC.Core", "src\Aidan.SerialRPC.Core\Aidan.SerialRPC.Core.csproj", "{68D577A2-551D-421B-84A7-3412053C8CC0}"
EndProject
Project("{FAE04EC0-301F-11D3-BF4B-00C04F79EFBC}") = "Aidan.SerialRPC.HardwareAbstraction", "src\Aidan.SerialRPC.HardwareAbstraction\Aidan.SerialRPC.HardwareAbstraction.csproj", "{A9777841-5927-4FA2-A8CB-5816C359F035}"
EndProject
Project("{FAE04EC0-301F-11D3-BF4B-00C04F79EFBC}") = "Aidan.SerialRPC.Tests", "tests\Aidan.SerialRPC.Tests\Aidan.SerialRPC.Tests.csproj", "{B84BD257-8384-45E0-94FE-E947F39EF739}"
EndProject
Project("{FAE04EC0-301F-11D3-BF4B-00C04F79EFBC}") = "Aidan.SerialRPC.Marshalling", "src\Aidan.SerialRPC.Marshalling\Aidan.SerialRPC.Marshalling.csproj", "{86842EF3-7782-4263-B7BD-EB7B5C9F326F}"
EndProject
Project("{2150E333-8FDC-42A3-9474-1A3956D46DE8}") = "src", "src", "{A7B87BAB-19A4-47BC-A1CC-93F814A298DC}"
EndProject
Project("{2150E333-8FDC-42A3-9474-1A3956D46DE8}") = "tests", "tests", "{4846615D-CBD0-4F75-ADAE-0F918C97B64A}"
EndProject
Project("{FAE04EC0-301F-11D3-BF4B-00C04F79EFBC}") = "Aidan.SerialRPC.Ninject", "src\Aidan.SerialRPC.Ninject\Aidan.SerialRPC.Ninject.csproj", "{474C4CF0-E7C3-4BFD-9E4B-63502AE6713B}"
EndProject
Project("{FAE04EC0-301F-11D3-BF4B-00C04F79EFBC}") = "Aidan.SerialRPC.DynamicProxies", "src\Aidan.SerialRPC.DynamicProxies\Aidan.SerialRPC.DynamicProxies.csproj", "{47E83838-2A5A-4BF1-BBDD-E0FC29F40C0C}"
EndProject
Project("{FAE04EC0-301F-11D3-BF4B-00C04F79EFBC}") = "Aidan.SerialRPC.Common", "src\Aidan.SerialRPC.Common\Aidan.SerialRPC.Common.csproj", "{A2B731AC-C78F-4985-81E0-9A2A784337AB}"
EndProject
Global
	GlobalSection(SolutionConfigurationPlatforms) = preSolution
		Debug|Any CPU = Debug|Any CPU
		Release|Any CPU = Release|Any CPU
	EndGlobalSection
	GlobalSection(ProjectConfigurationPlatforms) = postSolution
		{68D577A2-551D-421B-84A7-3412053C8CC0}.Debug|Any CPU.ActiveCfg = Debug|Any CPU
		{68D577A2-551D-421B-84A7-3412053C8CC0}.Debug|Any CPU.Build.0 = Debug|Any CPU
		{68D577A2-551D-421B-84A7-3412053C8CC0}.Release|Any CPU.ActiveCfg = Release|Any CPU
		{68D577A2-551D-421B-84A7-3412053C8CC0}.Release|Any CPU.Build.0 = Release|Any CPU
		{A9777841-5927-4FA2-A8CB-5816C359F035}.Debug|Any CPU.ActiveCfg = Debug|Any CPU
		{A9777841-5927-4FA2-A8CB-5816C359F035}.Debug|Any CPU.Build.0 = Debug|Any CPU
		{A9777841-5927-4FA2-A8CB-5816C359F035}.Release|Any CPU.ActiveCfg = Release|Any CPU
		{A9777841-5927-4FA2-A8CB-5816C359F035}.Release|Any CPU.Build.0 = Release|Any CPU
		{B84BD257-8384-45E0-94FE-E947F39EF739}.Debug|Any CPU.ActiveCfg = Debug|Any CPU
		{B84BD257-8384-45E0-94FE-E947F39EF739}.Debug|Any CPU.Build.0 = Debug|Any CPU
		{B84BD257-8384-45E0-94FE-E947F39EF739}.Release|Any CPU.ActiveCfg = Release|Any CPU
		{B84BD257-8384-45E0-94FE-E947F39EF739}.Release|Any CPU.Build.0 = Release|Any CPU
		{86842EF3-7782-4263-B7BD-EB7B5C9F326F}.Debug|Any CPU.ActiveCfg = Debug|Any CPU
		{86842EF3-7782-4263-B7BD-EB7B5C9F326F}.Debug|Any CPU.Build.0 = Debug|Any CPU
		{86842EF3-7782-4263-B7BD-EB7B5C9F326F}.Release|Any CPU.ActiveCfg = Release|Any CPU
		{86842EF3-7782-4263-B7BD-EB7B5C9F326F}.Release|Any CPU.Build.0 = Release|Any CPU
		{474C4CF0-E7C3-4BFD-9E4B-63502AE6713B}.Debug|Any CPU.ActiveCfg = Debug|Any CPU
		{474C4CF0-E7C3-4BFD-9E4B-63502AE6713B}.Debug|Any CPU.Build.0 = Debug|Any CPU
		{474C4CF0-E7C3-4BFD-9E4B-63502AE6713B}.Release|Any CPU.ActiveCfg = Release|Any CPU
		{474C4CF0-E7C3-4BFD-9E4B-63502AE6713B}.Release|Any CPU.Build.0 = Release|Any CPU
		{47E83838-2A5A-4BF1-BBDD-E0FC29F40C0C}.Debug|Any CPU.ActiveCfg = Debug|Any CPU
		{47E83838-2A5A-4BF1-BBDD-E0FC29F40C0C}.Debug|Any CPU.Build.0 = Debug|Any CPU
		{47E83838-2A5A-4BF1-BBDD-E0FC29F40C0C}.Release|Any CPU.ActiveCfg = Release|Any CPU
		{47E83838-2A5A-4BF1-BBDD-E0FC29F40C0C}.Release|Any CPU.Build.0 = Release|Any CPU
		{A2B731AC-C78F-4985-81E0-9A2A784337AB}.Debug|Any CPU.ActiveCfg = Debug|Any CPU
		{A2B731AC-C78F-4985-81E0-9A2A784337AB}.Debug|Any CPU.Build.0 = Debug|Any CPU
		{A2B731AC-C78F-4985-81E0-9A2A784337AB}.Release|Any CPU.ActiveCfg = Release|Any CPU
		{A2B731AC-C78F-4985-81E0-9A2A784337AB}.Release|Any CPU.Build.0 = Release|Any CPU
	EndGlobalSection
	GlobalSection(NestedProjects) = preSolution
		{68D577A2-551D-421B-84A7-3412053C8CC0} = {A7B87BAB-19A4-47BC-A1CC-93F814A298DC}
		{A9777841-5927-4FA2-A8CB-5816C359F035} = {A7B87BAB-19A4-47BC-A1CC-93F814A298DC}
		{86842EF3-7782-4263-B7BD-EB7B5C9F326F} = {A7B87BAB-19A4-47BC-A1CC-93F814A298DC}
		{B84BD257-8384-45E0-94FE-E947F39EF739} = {4846615D-CBD0-4F75-ADAE-0F918C97B64A}
		{474C4CF0-E7C3-4BFD-9E4B-63502AE6713B} = {A7B87BAB-19A4-47BC-A1CC-93F814A298DC}
		{47E83838-2A5A-4BF1-BBDD-E0FC29F40C0C} = {A7B87BAB-19A4-47BC-A1CC-93F814A298DC}
		{A2B731AC-C78F-4985-81E0-9A2A784337AB} = {A7B87BAB-19A4-47BC-A1CC-93F814A298DC}
	EndGlobalSection
EndGlobal
